
Microsoft Visual Studio Solution File, Format Version 12.00
# Visual Studio Version 17
VisualStudioVersion = 17.13.35919.96
MinimumVisualStudioVersion = 10.0.40219.1
Project("{FAE04EC0-301F-11D3-BF4B-00C04F79EFBC}") = "01_agro.Core", "01_agro.Core\01_agro.Core.csproj", "{C15C2E93-132D-4941-8624-5A0231BCC58F}"
EndProject
Project("{FAE04EC0-301F-11D3-BF4B-00C04F79EFBC}") = "02_agro.Data", "02_agro.Data\02_agro.Data.csproj", "{8866DE76-4A72-40A9-B2AB-B802CA752CAE}"
EndProject
Project("{FAE04EC0-301F-11D3-BF4B-00C04F79EFBC}") = "03_agro.Logic", "03_agro.Logic\03_agro.Logic.csproj", "{42801332-AFF7-44D6-883D-01A40CFCC74E}"
EndProject
Project("{FAE04EC0-301F-11D3-BF4B-00C04F79EFBC}") = "04_agro.GUI", "04_agro.GUI\04_agro.GUI.csproj", "{342C388B-017D-45D5-9288-47D3199259CE}"
EndProject
Project("{FAE04EC0-301F-11D3-BF4B-00C04F79EFBC}") = "02b_agro.Data.Tests", "02b_agro.Data.Tests\02b_agro.Data.Tests.csproj", "{9BC71866-FE76-4168-AE23-3E92A9DD2D27}"
EndProject
Project("{FAE04EC0-301F-11D3-BF4B-00C04F79EFBC}") = "01b_agro.Core.Tests", "01b_agro.Core.Tests\01b_agro.Core.Tests.csproj", "{B5955B38-27CC-4BB0-8C3B-3EC5C79DE460}"
EndProject
Project("{FAE04EC0-301F-11D3-BF4B-00C04F79EFBC}") = "05_agro.Console", "05_agro.Console\05_agro.Console.csproj", "{B637FFDD-EE3C-4061-8945-DBAF99539239}"
EndProject
Global
	GlobalSection(SolutionConfigurationPlatforms) = preSolution
		Debug|Any CPU = Debug|Any CPU
		Release|Any CPU = Release|Any CPU
	EndGlobalSection
	GlobalSection(ProjectConfigurationPlatforms) = postSolution
		{C15C2E93-132D-4941-8624-5A0231BCC58F}.Debug|Any CPU.ActiveCfg = Debug|Any CPU
		{C15C2E93-132D-4941-8624-5A0231BCC58F}.Debug|Any CPU.Build.0 = Debug|Any CPU
		{C15C2E93-132D-4941-8624-5A0231BCC58F}.Release|Any CPU.ActiveCfg = Release|Any CPU
		{C15C2E93-132D-4941-8624-5A0231BCC58F}.Release|Any CPU.Build.0 = Release|Any CPU
		{8866DE76-4A72-40A9-B2AB-B802CA752CAE}.Debug|Any CPU.ActiveCfg = Debug|Any CPU
		{8866DE76-4A72-40A9-B2AB-B802CA752CAE}.Debug|Any CPU.Build.0 = Debug|Any CPU
		{8866DE76-4A72-40A9-B2AB-B802CA752CAE}.Release|Any CPU.ActiveCfg = Release|Any CPU
		{8866DE76-4A72-40A9-B2AB-B802CA752CAE}.Release|Any CPU.Build.0 = Release|Any CPU
		{42801332-AFF7-44D6-883D-01A40CFCC74E}.Debug|Any CPU.ActiveCfg = Debug|Any CPU
		{42801332-AFF7-44D6-883D-01A40CFCC74E}.Debug|Any CPU.Build.0 = Debug|Any CPU
		{42801332-AFF7-44D6-883D-01A40CFCC74E}.Release|Any CPU.ActiveCfg = Release|Any CPU
		{42801332-AFF7-44D6-883D-01A40CFCC74E}.Release|Any CPU.Build.0 = Release|Any CPU
		{342C388B-017D-45D5-9288-47D3199259CE}.Debug|Any CPU.ActiveCfg = Debug|Any CPU
		{342C388B-017D-45D5-9288-47D3199259CE}.Debug|Any CPU.Build.0 = Debug|Any CPU
		{342C388B-017D-45D5-9288-47D3199259CE}.Release|Any CPU.ActiveCfg = Release|Any CPU
		{342C388B-017D-45D5-9288-47D3199259CE}.Release|Any CPU.Build.0 = Release|Any CPU
		{9BC71866-FE76-4168-AE23-3E92A9DD2D27}.Debug|Any CPU.ActiveCfg = Debug|Any CPU
		{9BC71866-FE76-4168-AE23-3E92A9DD2D27}.Debug|Any CPU.Build.0 = Debug|Any CPU
		{9BC71866-FE76-4168-AE23-3E92A9DD2D27}.Release|Any CPU.ActiveCfg = Release|Any CPU
		{9BC71866-FE76-4168-AE23-3E92A9DD2D27}.Release|Any CPU.Build.0 = Release|Any CPU
		{B5955B38-27CC-4BB0-8C3B-3EC5C79DE460}.Debug|Any CPU.ActiveCfg = Debug|Any CPU
		{B5955B38-27CC-4BB0-8C3B-3EC5C79DE460}.Debug|Any CPU.Build.0 = Debug|Any CPU
		{B5955B38-27CC-4BB0-8C3B-3EC5C79DE460}.Release|Any CPU.ActiveCfg = Release|Any CPU
		{B5955B38-27CC-4BB0-8C3B-3EC5C79DE460}.Release|Any CPU.Build.0 = Release|Any CPU
		{B637FFDD-EE3C-4061-8945-DBAF99539239}.Debug|Any CPU.ActiveCfg = Debug|Any CPU
		{B637FFDD-EE3C-4061-8945-DBAF99539239}.Debug|Any CPU.Build.0 = Debug|Any CPU
		{B637FFDD-EE3C-4061-8945-DBAF99539239}.Release|Any CPU.ActiveCfg = Release|Any CPU
		{B637FFDD-EE3C-4061-8945-DBAF99539239}.Release|Any CPU.Build.0 = Release|Any CPU
	EndGlobalSection
	GlobalSection(SolutionProperties) = preSolution
		HideSolutionNode = FALSE
	EndGlobalSection
	GlobalSection(ExtensibilityGlobals) = postSolution
		SolutionGuid = {364EA11B-ADCA-433E-9728-F688E0D4B64A}
	EndGlobalSection
EndGlobal
